
Microsoft Visual Studio Solution File, Format Version 12.00
# Visual Studio Version 18
VisualStudioVersion = 18.3.11312.210
MinimumVisualStudioVersion = 10.0.40219.1
Project("{FAE04EC0-301F-11D3-BF4B-00C04F79EFBC}") = "Music", "Music\Music.csproj", "{FAD604FC-7B99-9D5F-43AE-E8E055B2ABDD}"
EndProject
Global
	GlobalSection(SolutionConfigurationPlatforms) = preSolution
		Debug|Any CPU = Debug|Any CPU
		Release|Any CPU = Release|Any CPU
	EndGlobalSection
	GlobalSection(ProjectConfigurationPlatforms) = postSolution
		{FAD604FC-7B99-9D5F-43AE-E8E055B2ABDD}.Debug|Any CPU.ActiveCfg = Debug|Any CPU
		{FAD604FC-7B99-9D5F-43AE-E8E055B2ABDD}.Debug|Any CPU.Build.0 = Debug|Any CPU
		{FAD604FC-7B99-9D5F-43AE-E8E055B2ABDD}.Release|Any CPU.ActiveCfg = Release|Any CPU
		{FAD604FC-7B99-9D5F-43AE-E8E055B2ABDD}.Release|Any CPU.Build.0 = Release|Any CPU
	EndGlobalSection
	GlobalSection(SolutionProperties) = preSolution
		HideSolutionNode = FALSE
	EndGlobalSection
	GlobalSection(ExtensibilityGlobals) = postSolution
		SolutionGuid = {CA058101-33EF-45D5-A64D-829DFAA3252D}
	EndGlobalSection
EndGlobal
